// !$*UTF8*$!
{
	archiveVersion = 1;
	classes = {
	};
	objectVersion = 51;
	objects = {

/* Begin PBXBuildFile section */
		093CC0ED51BA1F2F33F4EA4A /* Pods_ChallengeMeli.framework in Frameworks */ = {isa = PBXBuildFile; fileRef = 21F4C5B4FC2800EF68366F07 /* Pods_ChallengeMeli.framework */; };
		90E940C6EFBC35A9607DDD38 /* Pods_ChallengeMeli_ChallengeMeliUITests.framework in Frameworks */ = {isa = PBXBuildFile; fileRef = DEDCE1B1B0A4D8AC98733B52 /* Pods_ChallengeMeli_ChallengeMeliUITests.framework */; };
		C4383D6B258983B20099DE51 /* AppDelegate.swift in Sources */ = {isa = PBXBuildFile; fileRef = C4383D6A258983B20099DE51 /* AppDelegate.swift */; };
		C4383D6D258983B20099DE51 /* SceneDelegate.swift in Sources */ = {isa = PBXBuildFile; fileRef = C4383D6C258983B20099DE51 /* SceneDelegate.swift */; };
		C4383D6F258983B20099DE51 /* ViewController.swift in Sources */ = {isa = PBXBuildFile; fileRef = C4383D6E258983B20099DE51 /* ViewController.swift */; };
		C4383D72258983B20099DE51 /* Main.storyboard in Resources */ = {isa = PBXBuildFile; fileRef = C4383D70258983B20099DE51 /* Main.storyboard */; };
		C4383D74258983B30099DE51 /* Assets.xcassets in Resources */ = {isa = PBXBuildFile; fileRef = C4383D73258983B30099DE51 /* Assets.xcassets */; };
		C4383D77258983B30099DE51 /* LaunchScreen.storyboard in Resources */ = {isa = PBXBuildFile; fileRef = C4383D75258983B30099DE51 /* LaunchScreen.storyboard */; };
		C4383D82258983B30099DE51 /* ChallengeMeliTests.swift in Sources */ = {isa = PBXBuildFile; fileRef = C4383D81258983B30099DE51 /* ChallengeMeliTests.swift */; };
		C4383D8D258983B30099DE51 /* ChallengeMeliUITests.swift in Sources */ = {isa = PBXBuildFile; fileRef = C4383D8C258983B30099DE51 /* ChallengeMeliUITests.swift */; };
		C484FAB4258ADE3D00B34684 /* GlobalTheme.swift in Sources */ = {isa = PBXBuildFile; fileRef = C484FAB3258ADE3D00B34684 /* GlobalTheme.swift */; };
		C484FAB5258ADE3D00B34684 /* GlobalTheme.swift in Sources */ = {isa = PBXBuildFile; fileRef = C484FAB3258ADE3D00B34684 /* GlobalTheme.swift */; };
		C484FAB6258ADE3D00B34684 /* GlobalTheme.swift in Sources */ = {isa = PBXBuildFile; fileRef = C484FAB3258ADE3D00B34684 /* GlobalTheme.swift */; };
		C484FABF258ADF1600B34684 /* Localizable.strings in Sources */ = {isa = PBXBuildFile; fileRef = C484FABE258ADF1600B34684 /* Localizable.strings */; };
		C484FAC0258ADF1600B34684 /* Localizable.strings in Sources */ = {isa = PBXBuildFile; fileRef = C484FABE258ADF1600B34684 /* Localizable.strings */; };
		C484FAC1258ADF1600B34684 /* Localizable.strings in Sources */ = {isa = PBXBuildFile; fileRef = C484FABE258ADF1600B34684 /* Localizable.strings */; };
		D759BEC24C6F6F8F316121B1 /* Pods_ChallengeMeliTests.framework in Frameworks */ = {isa = PBXBuildFile; fileRef = 7A29D0ED1D41A7DE47109D30 /* Pods_ChallengeMeliTests.framework */; };
/* End PBXBuildFile section */

/* Begin PBXContainerItemProxy section */
		C4383D7E258983B30099DE51 /* PBXContainerItemProxy */ = {
			isa = PBXContainerItemProxy;
			containerPortal = C4383D5F258983B20099DE51 /* Project object */;
			proxyType = 1;
			remoteGlobalIDString = C4383D66258983B20099DE51;
			remoteInfo = ChallengeMeli;
		};
		C4383D89258983B30099DE51 /* PBXContainerItemProxy */ = {
			isa = PBXContainerItemProxy;
			containerPortal = C4383D5F258983B20099DE51 /* Project object */;
			proxyType = 1;
			remoteGlobalIDString = C4383D66258983B20099DE51;
			remoteInfo = ChallengeMeli;
		};
/* End PBXContainerItemProxy section */

/* Begin PBXFileReference section */
		0A440F84908E057F0224C5FA /* Pods-ChallengeMeli.debug.xcconfig */ = {isa = PBXFileReference; includeInIndex = 1; lastKnownFileType = text.xcconfig; name = "Pods-ChallengeMeli.debug.xcconfig"; path = "Target Support Files/Pods-ChallengeMeli/Pods-ChallengeMeli.debug.xcconfig"; sourceTree = "<group>"; };
		21F4C5B4FC2800EF68366F07 /* Pods_ChallengeMeli.framework */ = {isa = PBXFileReference; explicitFileType = wrapper.framework; includeInIndex = 0; path = Pods_ChallengeMeli.framework; sourceTree = BUILT_PRODUCTS_DIR; };
		31F77F40809244F8F0C00556 /* Pods-ChallengeMeli-ChallengeMeliUITests.debug.xcconfig */ = {isa = PBXFileReference; includeInIndex = 1; lastKnownFileType = text.xcconfig; name = "Pods-ChallengeMeli-ChallengeMeliUITests.debug.xcconfig"; path = "Target Support Files/Pods-ChallengeMeli-ChallengeMeliUITests/Pods-ChallengeMeli-ChallengeMeliUITests.debug.xcconfig"; sourceTree = "<group>"; };
		7A29D0ED1D41A7DE47109D30 /* Pods_ChallengeMeliTests.framework */ = {isa = PBXFileReference; explicitFileType = wrapper.framework; includeInIndex = 0; path = Pods_ChallengeMeliTests.framework; sourceTree = BUILT_PRODUCTS_DIR; };
		94DC9ADB996C8B29A6C21148 /* Pods-ChallengeMeli-ChallengeMeliUITests.release.xcconfig */ = {isa = PBXFileReference; includeInIndex = 1; lastKnownFileType = text.xcconfig; name = "Pods-ChallengeMeli-ChallengeMeliUITests.release.xcconfig"; path = "Target Support Files/Pods-ChallengeMeli-ChallengeMeliUITests/Pods-ChallengeMeli-ChallengeMeliUITests.release.xcconfig"; sourceTree = "<group>"; };
		B1FA85ADE54A5C09482A59ED /* Pods-ChallengeMeliTests.debug.xcconfig */ = {isa = PBXFileReference; includeInIndex = 1; lastKnownFileType = text.xcconfig; name = "Pods-ChallengeMeliTests.debug.xcconfig"; path = "Target Support Files/Pods-ChallengeMeliTests/Pods-ChallengeMeliTests.debug.xcconfig"; sourceTree = "<group>"; };
		C4383D67258983B20099DE51 /* ChallengeMeli.app */ = {isa = PBXFileReference; explicitFileType = wrapper.application; includeInIndex = 0; path = ChallengeMeli.app; sourceTree = BUILT_PRODUCTS_DIR; };
		C4383D6A258983B20099DE51 /* AppDelegate.swift */ = {isa = PBXFileReference; lastKnownFileType = sourcecode.swift; path = AppDelegate.swift; sourceTree = "<group>"; };
		C4383D6C258983B20099DE51 /* SceneDelegate.swift */ = {isa = PBXFileReference; lastKnownFileType = sourcecode.swift; path = SceneDelegate.swift; sourceTree = "<group>"; };
		C4383D6E258983B20099DE51 /* ViewController.swift */ = {isa = PBXFileReference; lastKnownFileType = sourcecode.swift; path = ViewController.swift; sourceTree = "<group>"; };
		C4383D71258983B20099DE51 /* Base */ = {isa = PBXFileReference; lastKnownFileType = file.storyboard; name = Base; path = Base.lproj/Main.storyboard; sourceTree = "<group>"; };
		C4383D73258983B30099DE51 /* Assets.xcassets */ = {isa = PBXFileReference; lastKnownFileType = folder.assetcatalog; path = Assets.xcassets; sourceTree = "<group>"; };
		C4383D76258983B30099DE51 /* Base */ = {isa = PBXFileReference; lastKnownFileType = file.storyboard; name = Base; path = Base.lproj/LaunchScreen.storyboard; sourceTree = "<group>"; };
		C4383D78258983B30099DE51 /* Info.plist */ = {isa = PBXFileReference; lastKnownFileType = text.plist.xml; path = Info.plist; sourceTree = "<group>"; };
		C4383D7D258983B30099DE51 /* ChallengeMeliTests.xctest */ = {isa = PBXFileReference; explicitFileType = wrapper.cfbundle; includeInIndex = 0; path = ChallengeMeliTests.xctest; sourceTree = BUILT_PRODUCTS_DIR; };
		C4383D81258983B30099DE51 /* ChallengeMeliTests.swift */ = {isa = PBXFileReference; lastKnownFileType = sourcecode.swift; path = ChallengeMeliTests.swift; sourceTree = "<group>"; };
		C4383D83258983B30099DE51 /* Info.plist */ = {isa = PBXFileReference; lastKnownFileType = text.plist.xml; path = Info.plist; sourceTree = "<group>"; };
		C4383D88258983B30099DE51 /* ChallengeMeliUITests.xctest */ = {isa = PBXFileReference; explicitFileType = wrapper.cfbundle; includeInIndex = 0; path = ChallengeMeliUITests.xctest; sourceTree = BUILT_PRODUCTS_DIR; };
		C4383D8C258983B30099DE51 /* ChallengeMeliUITests.swift */ = {isa = PBXFileReference; lastKnownFileType = sourcecode.swift; path = ChallengeMeliUITests.swift; sourceTree = "<group>"; };
		C4383D8E258983B30099DE51 /* Info.plist */ = {isa = PBXFileReference; lastKnownFileType = text.plist.xml; path = Info.plist; sourceTree = "<group>"; };
		C484FAB3258ADE3D00B34684 /* GlobalTheme.swift */ = {isa = PBXFileReference; lastKnownFileType = sourcecode.swift; path = GlobalTheme.swift; sourceTree = "<group>"; };
		C484FABE258ADF1600B34684 /* Localizable.strings */ = {isa = PBXFileReference; lastKnownFileType = text.plist.strings; path = Localizable.strings; sourceTree = "<group>"; };
		DD2407FC944C27CE2706C3DC /* Pods-ChallengeMeli.release.xcconfig */ = {isa = PBXFileReference; includeInIndex = 1; lastKnownFileType = text.xcconfig; name = "Pods-ChallengeMeli.release.xcconfig"; path = "Target Support Files/Pods-ChallengeMeli/Pods-ChallengeMeli.release.xcconfig"; sourceTree = "<group>"; };
		DEDCE1B1B0A4D8AC98733B52 /* Pods_ChallengeMeli_ChallengeMeliUITests.framework */ = {isa = PBXFileReference; explicitFileType = wrapper.framework; includeInIndex = 0; path = Pods_ChallengeMeli_ChallengeMeliUITests.framework; sourceTree = BUILT_PRODUCTS_DIR; };
		EFCC1F6324C8EE24AA77E212 /* Pods-ChallengeMeliTests.release.xcconfig */ = {isa = PBXFileReference; includeInIndex = 1; lastKnownFileType = text.xcconfig; name = "Pods-ChallengeMeliTests.release.xcconfig"; path = "Target Support Files/Pods-ChallengeMeliTests/Pods-ChallengeMeliTests.release.xcconfig"; sourceTree = "<group>"; };
/* End PBXFileReference section */

/* Begin PBXFrameworksBuildPhase section */
		C4383D64258983B20099DE51 /* Frameworks */ = {
			isa = PBXFrameworksBuildPhase;
			buildActionMask = 2147483647;
			files = (
				093CC0ED51BA1F2F33F4EA4A /* Pods_ChallengeMeli.framework in Frameworks */,
			);
			runOnlyForDeploymentPostprocessing = 0;
		};
		C4383D7A258983B30099DE51 /* Frameworks */ = {
			isa = PBXFrameworksBuildPhase;
			buildActionMask = 2147483647;
			files = (
				D759BEC24C6F6F8F316121B1 /* Pods_ChallengeMeliTests.framework in Frameworks */,
			);
			runOnlyForDeploymentPostprocessing = 0;
		};
		C4383D85258983B30099DE51 /* Frameworks */ = {
			isa = PBXFrameworksBuildPhase;
			buildActionMask = 2147483647;
			files = (
				90E940C6EFBC35A9607DDD38 /* Pods_ChallengeMeli_ChallengeMeliUITests.framework in Frameworks */,
			);
			runOnlyForDeploymentPostprocessing = 0;
		};
/* End PBXFrameworksBuildPhase section */

/* Begin PBXGroup section */
		10DFFB4092EDD7319EBEB6BA /* Pods */ = {
			isa = PBXGroup;
			children = (
				0A440F84908E057F0224C5FA /* Pods-ChallengeMeli.debug.xcconfig */,
				DD2407FC944C27CE2706C3DC /* Pods-ChallengeMeli.release.xcconfig */,
				31F77F40809244F8F0C00556 /* Pods-ChallengeMeli-ChallengeMeliUITests.debug.xcconfig */,
				94DC9ADB996C8B29A6C21148 /* Pods-ChallengeMeli-ChallengeMeliUITests.release.xcconfig */,
				B1FA85ADE54A5C09482A59ED /* Pods-ChallengeMeliTests.debug.xcconfig */,
				EFCC1F6324C8EE24AA77E212 /* Pods-ChallengeMeliTests.release.xcconfig */,
			);
			path = Pods;
			sourceTree = "<group>";
		};
		C4383D5E258983B20099DE51 = {
			isa = PBXGroup;
			children = (
				C4383D69258983B20099DE51 /* ChallengeMeli */,
				C4383D80258983B30099DE51 /* ChallengeMeliTests */,
				C4383D8B258983B30099DE51 /* ChallengeMeliUITests */,
				C4383D68258983B20099DE51 /* Products */,
				10DFFB4092EDD7319EBEB6BA /* Pods */,
				DBFB7AB06884266C853E9FBF /* Frameworks */,
			);
			sourceTree = "<group>";
		};
		C4383D68258983B20099DE51 /* Products */ = {
			isa = PBXGroup;
			children = (
				C4383D67258983B20099DE51 /* ChallengeMeli.app */,
				C4383D7D258983B30099DE51 /* ChallengeMeliTests.xctest */,
				C4383D88258983B30099DE51 /* ChallengeMeliUITests.xctest */,
			);
			name = Products;
			sourceTree = "<group>";
		};
		C4383D69258983B20099DE51 /* ChallengeMeli */ = {
			isa = PBXGroup;
			children = (
				C484FABD258ADEB400B34684 /* Localizable */,
				C484FAB2258ADE0300B34684 /* Theme */,
				C484FAB1258ADDED00B34684 /* Managers */,
				C484FAB0258ADDCE00B34684 /* Storyboards */,
				C484FAAF258ADDBD00B34684 /* Helpers */,
				C484FAAD258ADCFB00B34684 /* Controllers */,
				C484FAAC258ADCD500B34684 /* ViewModels */,
				C484FAAB258ADCCA00B34684 /* Models */,
				C484FAAA258ADC9700B34684 /* Services */,
				C4383D6A258983B20099DE51 /* AppDelegate.swift */,
				C4383D6C258983B20099DE51 /* SceneDelegate.swift */,
				C4383D73258983B30099DE51 /* Assets.xcassets */,
				C4383D78258983B30099DE51 /* Info.plist */,
			);
			path = ChallengeMeli;
			sourceTree = "<group>";
		};
		C4383D80258983B30099DE51 /* ChallengeMeliTests */ = {
			isa = PBXGroup;
			children = (
				C4383D81258983B30099DE51 /* ChallengeMeliTests.swift */,
				C4383D83258983B30099DE51 /* Info.plist */,
			);
			path = ChallengeMeliTests;
			sourceTree = "<group>";
		};
		C4383D8B258983B30099DE51 /* ChallengeMeliUITests */ = {
			isa = PBXGroup;
			children = (
				C4383D8C258983B30099DE51 /* ChallengeMeliUITests.swift */,
				C4383D8E258983B30099DE51 /* Info.plist */,
			);
			path = ChallengeMeliUITests;
			sourceTree = "<group>";
		};
		C484FAAA258ADC9700B34684 /* Services */ = {
			isa = PBXGroup;
			children = (
			);
			path = Services;
			sourceTree = "<group>";
		};
		C484FAAB258ADCCA00B34684 /* Models */ = {
			isa = PBXGroup;
			children = (
			);
			path = Models;
			sourceTree = "<group>";
		};
		C484FAAC258ADCD500B34684 /* ViewModels */ = {
			isa = PBXGroup;
			children = (
			);
			path = ViewModels;
			sourceTree = "<group>";
		};
		C484FAAD258ADCFB00B34684 /* Controllers */ = {
			isa = PBXGroup;
			children = (
				C4383D6E258983B20099DE51 /* ViewController.swift */,
			);
			path = Controllers;
			sourceTree = "<group>";
		};
		C484FAAF258ADDBD00B34684 /* Helpers */ = {
			isa = PBXGroup;
			children = (
			);
			path = Helpers;
			sourceTree = "<group>";
		};
		C484FAB0258ADDCE00B34684 /* Storyboards */ = {
			isa = PBXGroup;
			children = (
				C4383D70258983B20099DE51 /* Main.storyboard */,
			);
			path = Storyboards;
			sourceTree = "<group>";
		};
		C484FAB1258ADDED00B34684 /* Managers */ = {
			isa = PBXGroup;
			children = (
				C4383D75258983B30099DE51 /* LaunchScreen.storyboard */,
			);
			path = Managers;
			sourceTree = "<group>";
		};
		C484FAB2258ADE0300B34684 /* Theme */ = {
			isa = PBXGroup;
			children = (
				C484FAB3258ADE3D00B34684 /* GlobalTheme.swift */,
			);
			path = Theme;
			sourceTree = "<group>";
		};
		C484FABD258ADEB400B34684 /* Localizable */ = {
			isa = PBXGroup;
			children = (
				C484FABE258ADF1600B34684 /* Localizable.strings */,
			);
			path = Localizable;
			sourceTree = "<group>";
		};
		DBFB7AB06884266C853E9FBF /* Frameworks */ = {
			isa = PBXGroup;
			children = (
				21F4C5B4FC2800EF68366F07 /* Pods_ChallengeMeli.framework */,
				DEDCE1B1B0A4D8AC98733B52 /* Pods_ChallengeMeli_ChallengeMeliUITests.framework */,
				7A29D0ED1D41A7DE47109D30 /* Pods_ChallengeMeliTests.framework */,
			);
			name = Frameworks;
			sourceTree = "<group>";
		};
/* End PBXGroup section */

/* Begin PBXNativeTarget section */
		C4383D66258983B20099DE51 /* ChallengeMeli */ = {
			isa = PBXNativeTarget;
			buildConfigurationList = C4383D91258983B30099DE51 /* Build configuration list for PBXNativeTarget "ChallengeMeli" */;
			buildPhases = (
				0DEF5CA8093F21953EEB1293 /* [CP] Check Pods Manifest.lock */,
				C4383D63258983B20099DE51 /* Sources */,
				C4383D64258983B20099DE51 /* Frameworks */,
				C4383D65258983B20099DE51 /* Resources */,
				D83536036F4E9B62B49D56EF /* [CP] Embed Pods Frameworks */,
			);
			buildRules = (
			);
			dependencies = (
			);
			name = ChallengeMeli;
			productName = ChallengeMeli;
			productReference = C4383D67258983B20099DE51 /* ChallengeMeli.app */;
			productType = "com.apple.product-type.application";
		};
		C4383D7C258983B30099DE51 /* ChallengeMeliTests */ = {
			isa = PBXNativeTarget;
			buildConfigurationList = C4383D94258983B30099DE51 /* Build configuration list for PBXNativeTarget "ChallengeMeliTests" */;
			buildPhases = (
				6274832B78B33911165FAB05 /* [CP] Check Pods Manifest.lock */,
				C4383D79258983B30099DE51 /* Sources */,
				C4383D7A258983B30099DE51 /* Frameworks */,
				C4383D7B258983B30099DE51 /* Resources */,
				32F680082FE0A2FFAE0F64ED /* [CP] Embed Pods Frameworks */,
			);
			buildRules = (
			);
			dependencies = (
				C4383D7F258983B30099DE51 /* PBXTargetDependency */,
			);
			name = ChallengeMeliTests;
			productName = ChallengeMeliTests;
			productReference = C4383D7D258983B30099DE51 /* ChallengeMeliTests.xctest */;
			productType = "com.apple.product-type.bundle.unit-test";
		};
		C4383D87258983B30099DE51 /* ChallengeMeliUITests */ = {
			isa = PBXNativeTarget;
			buildConfigurationList = C4383D97258983B30099DE51 /* Build configuration list for PBXNativeTarget "ChallengeMeliUITests" */;
			buildPhases = (
				001FC63BC8FFDF5CF060026B /* [CP] Check Pods Manifest.lock */,
				C4383D84258983B30099DE51 /* Sources */,
				C4383D85258983B30099DE51 /* Frameworks */,
				C4383D86258983B30099DE51 /* Resources */,
				7380FA1C1527E28D5A85E2CA /* [CP] Embed Pods Frameworks */,
			);
			buildRules = (
			);
			dependencies = (
				C4383D8A258983B30099DE51 /* PBXTargetDependency */,
			);
			name = ChallengeMeliUITests;
			productName = ChallengeMeliUITests;
			productReference = C4383D88258983B30099DE51 /* ChallengeMeliUITests.xctest */;
			productType = "com.apple.product-type.bundle.ui-testing";
		};
/* End PBXNativeTarget section */

/* Begin PBXProject section */
		C4383D5F258983B20099DE51 /* Project object */ = {
			isa = PBXProject;
			attributes = {
				LastSwiftUpdateCheck = 1220;
				LastUpgradeCheck = 1220;
				TargetAttributes = {
					C4383D66258983B20099DE51 = {
						CreatedOnToolsVersion = 12.2;
					};
					C4383D7C258983B30099DE51 = {
						CreatedOnToolsVersion = 12.2;
						TestTargetID = C4383D66258983B20099DE51;
					};
					C4383D87258983B30099DE51 = {
						CreatedOnToolsVersion = 12.2;
						TestTargetID = C4383D66258983B20099DE51;
					};
				};
			};
			buildConfigurationList = C4383D62258983B20099DE51 /* Build configuration list for PBXProject "ChallengeMeli" */;
			compatibilityVersion = "Xcode 9.3";
			developmentRegion = en;
			hasScannedForEncodings = 0;
			knownRegions = (
				en,
				Base,
			);
			mainGroup = C4383D5E258983B20099DE51;
			productRefGroup = C4383D68258983B20099DE51 /* Products */;
			projectDirPath = "";
			projectRoot = "";
			targets = (
				C4383D66258983B20099DE51 /* ChallengeMeli */,
				C4383D7C258983B30099DE51 /* ChallengeMeliTests */,
				C4383D87258983B30099DE51 /* ChallengeMeliUITests */,
			);
		};
/* End PBXProject section */

/* Begin PBXResourcesBuildPhase section */
		C4383D65258983B20099DE51 /* Resources */ = {
			isa = PBXResourcesBuildPhase;
			buildActionMask = 2147483647;
			files = (
				C4383D77258983B30099DE51 /* LaunchScreen.storyboard in Resources */,
				C4383D74258983B30099DE51 /* Assets.xcassets in Resources */,
				C4383D72258983B20099DE51 /* Main.storyboard in Resources */,
			);
			runOnlyForDeploymentPostprocessing = 0;
		};
		C4383D7B258983B30099DE51 /* Resources */ = {
			isa = PBXResourcesBuildPhase;
			buildActionMask = 2147483647;
			files = (
			);
			runOnlyForDeploymentPostprocessing = 0;
		};
		C4383D86258983B30099DE51 /* Resources */ = {
			isa = PBXResourcesBuildPhase;
			buildActionMask = 2147483647;
			files = (
			);
			runOnlyForDeploymentPostprocessing = 0;
		};
/* End PBXResourcesBuildPhase section */

/* Begin PBXShellScriptBuildPhase section */
		001FC63BC8FFDF5CF060026B /* [CP] Check Pods Manifest.lock */ = {
			isa = PBXShellScriptBuildPhase;
			buildActionMask = 2147483647;
			files = (
			);
			inputFileListPaths = (
			);
			inputPaths = (
				"${PODS_PODFILE_DIR_PATH}/Podfile.lock",
				"${PODS_ROOT}/Manifest.lock",
			);
			name = "[CP] Check Pods Manifest.lock";
			outputFileListPaths = (
			);
			outputPaths = (
				"$(DERIVED_FILE_DIR)/Pods-ChallengeMeli-ChallengeMeliUITests-checkManifestLockResult.txt",
			);
			runOnlyForDeploymentPostprocessing = 0;
			shellPath = /bin/sh;
			shellScript = "diff \"${PODS_PODFILE_DIR_PATH}/Podfile.lock\" \"${PODS_ROOT}/Manifest.lock\" > /dev/null\nif [ $? != 0 ] ; then\n    # print error to STDERR\n    echo \"error: The sandbox is not in sync with the Podfile.lock. Run 'pod install' or update your CocoaPods installation.\" >&2\n    exit 1\nfi\n# This output is used by Xcode 'outputs' to avoid re-running this script phase.\necho \"SUCCESS\" > \"${SCRIPT_OUTPUT_FILE_0}\"\n";
			showEnvVarsInLog = 0;
		};
		0DEF5CA8093F21953EEB1293 /* [CP] Check Pods Manifest.lock */ = {
			isa = PBXShellScriptBuildPhase;
			buildActionMask = 2147483647;
			files = (
			);
			inputFileListPaths = (
			);
			inputPaths = (
				"${PODS_PODFILE_DIR_PATH}/Podfile.lock",
				"${PODS_ROOT}/Manifest.lock",
			);
			name = "[CP] Check Pods Manifest.lock";
			outputFileListPaths = (
			);
			outputPaths = (
				"$(DERIVED_FILE_DIR)/Pods-ChallengeMeli-checkManifestLockResult.txt",
			);
			runOnlyForDeploymentPostprocessing = 0;
			shellPath = /bin/sh;
			shellScript = "diff \"${PODS_PODFILE_DIR_PATH}/Podfile.lock\" \"${PODS_ROOT}/Manifest.lock\" > /dev/null\nif [ $? != 0 ] ; then\n    # print error to STDERR\n    echo \"error: The sandbox is not in sync with the Podfile.lock. Run 'pod install' or update your CocoaPods installation.\" >&2\n    exit 1\nfi\n# This output is used by Xcode 'outputs' to avoid re-running this script phase.\necho \"SUCCESS\" > \"${SCRIPT_OUTPUT_FILE_0}\"\n";
			showEnvVarsInLog = 0;
		};
		32F680082FE0A2FFAE0F64ED /* [CP] Embed Pods Frameworks */ = {
			isa = PBXShellScriptBuildPhase;
			buildActionMask = 2147483647;
			files = (
			);
			inputFileListPaths = (
				"${PODS_ROOT}/Target Support Files/Pods-ChallengeMeliTests/Pods-ChallengeMeliTests-frameworks-${CONFIGURATION}-input-files.xcfilelist",
			);
			name = "[CP] Embed Pods Frameworks";
			outputFileListPaths = (
				"${PODS_ROOT}/Target Support Files/Pods-ChallengeMeliTests/Pods-ChallengeMeliTests-frameworks-${CONFIGURATION}-output-files.xcfilelist",
			);
			runOnlyForDeploymentPostprocessing = 0;
			shellPath = /bin/sh;
			shellScript = "\"${PODS_ROOT}/Target Support Files/Pods-ChallengeMeliTests/Pods-ChallengeMeliTests-frameworks.sh\"\n";
			showEnvVarsInLog = 0;
		};
		6274832B78B33911165FAB05 /* [CP] Check Pods Manifest.lock */ = {
			isa = PBXShellScriptBuildPhase;
			buildActionMask = 2147483647;
			files = (
			);
			inputFileListPaths = (
			);
			inputPaths = (
				"${PODS_PODFILE_DIR_PATH}/Podfile.lock",
				"${PODS_ROOT}/Manifest.lock",
			);
			name = "[CP] Check Pods Manifest.lock";
			outputFileListPaths = (
			);
			outputPaths = (
				"$(DERIVED_FILE_DIR)/Pods-ChallengeMeliTests-checkManifestLockResult.txt",
			);
			runOnlyForDeploymentPostprocessing = 0;
			shellPath = /bin/sh;
			shellScript = "diff \"${PODS_PODFILE_DIR_PATH}/Podfile.lock\" \"${PODS_ROOT}/Manifest.lock\" > /dev/null\nif [ $? != 0 ] ; then\n    # print error to STDERR\n    echo \"error: The sandbox is not in sync with the Podfile.lock. Run 'pod install' or update your CocoaPods installation.\" >&2\n    exit 1\nfi\n# This output is used by Xcode 'outputs' to avoid re-running this script phase.\necho \"SUCCESS\" > \"${SCRIPT_OUTPUT_FILE_0}\"\n";
			showEnvVarsInLog = 0;
		};
		7380FA1C1527E28D5A85E2CA /* [CP] Embed Pods Frameworks */ = {
			isa = PBXShellScriptBuildPhase;
			buildActionMask = 2147483647;
			files = (
			);
			inputFileListPaths = (
				"${PODS_ROOT}/Target Support Files/Pods-ChallengeMeli-ChallengeMeliUITests/Pods-ChallengeMeli-ChallengeMeliUITests-frameworks-${CONFIGURATION}-input-files.xcfilelist",
			);
			name = "[CP] Embed Pods Frameworks";
			outputFileListPaths = (
				"${PODS_ROOT}/Target Support Files/Pods-ChallengeMeli-ChallengeMeliUITests/Pods-ChallengeMeli-ChallengeMeliUITests-frameworks-${CONFIGURATION}-output-files.xcfilelist",
			);
			runOnlyForDeploymentPostprocessing = 0;
			shellPath = /bin/sh;
			shellScript = "\"${PODS_ROOT}/Target Support Files/Pods-ChallengeMeli-ChallengeMeliUITests/Pods-ChallengeMeli-ChallengeMeliUITests-frameworks.sh\"\n";
			showEnvVarsInLog = 0;
		};
		D83536036F4E9B62B49D56EF /* [CP] Embed Pods Frameworks */ = {
			isa = PBXShellScriptBuildPhase;
			buildActionMask = 2147483647;
			files = (
			);
			inputFileListPaths = (
				"${PODS_ROOT}/Target Support Files/Pods-ChallengeMeli/Pods-ChallengeMeli-frameworks-${CONFIGURATION}-input-files.xcfilelist",
			);
			name = "[CP] Embed Pods Frameworks";
			outputFileListPaths = (
				"${PODS_ROOT}/Target Support Files/Pods-ChallengeMeli/Pods-ChallengeMeli-frameworks-${CONFIGURATION}-output-files.xcfilelist",
			);
			runOnlyForDeploymentPostprocessing = 0;
			shellPath = /bin/sh;
			shellScript = "\"${PODS_ROOT}/Target Support Files/Pods-ChallengeMeli/Pods-ChallengeMeli-frameworks.sh\"\n";
			showEnvVarsInLog = 0;
		};
/* End PBXShellScriptBuildPhase section */

/* Begin PBXSourcesBuildPhase section */
		C4383D63258983B20099DE51 /* Sources */ = {
			isa = PBXSourcesBuildPhase;
			buildActionMask = 2147483647;
			files = (
				C484FAB4258ADE3D00B34684 /* GlobalTheme.swift in Sources */,
				C4383D6F258983B20099DE51 /* ViewController.swift in Sources */,
				C484FABF258ADF1600B34684 /* Localizable.strings in Sources */,
				C4383D6B258983B20099DE51 /* AppDelegate.swift in Sources */,
				C4383D6D258983B20099DE51 /* SceneDelegate.swift in Sources */,
			);
			runOnlyForDeploymentPostprocessing = 0;
		};
		C4383D79258983B30099DE51 /* Sources */ = {
			isa = PBXSourcesBuildPhase;
			buildActionMask = 2147483647;
			files = (
				C484FAB5258ADE3D00B34684 /* GlobalTheme.swift in Sources */,
				C484FAC0258ADF1600B34684 /* Localizable.strings in Sources */,
				C4383D82258983B30099DE51 /* ChallengeMeliTests.swift in Sources */,
			);
			runOnlyForDeploymentPostprocessing = 0;
		};
		C4383D84258983B30099DE51 /* Sources */ = {
			isa = PBXSourcesBuildPhase;
			buildActionMask = 2147483647;
			files = (
				C484FAB6258ADE3D00B34684 /* GlobalTheme.swift in Sources */,
				C484FAC1258ADF1600B34684 /* Localizable.strings in Sources */,
				C4383D8D258983B30099DE51 /* ChallengeMeliUITests.swift in Sources */,
			);
			runOnlyForDeploymentPostprocessing = 0;
		};
/* End PBXSourcesBuildPhase section */

/* Begin PBXTargetDependency section */
		C4383D7F258983B30099DE51 /* PBXTargetDependency */ = {
			isa = PBXTargetDependency;
			target = C4383D66258983B20099DE51 /* ChallengeMeli */;
			targetProxy = C4383D7E258983B30099DE51 /* PBXContainerItemProxy */;
		};
		C4383D8A258983B30099DE51 /* PBXTargetDependency */ = {
			isa = PBXTargetDependency;
			target = C4383D66258983B20099DE51 /* ChallengeMeli */;
			targetProxy = C4383D89258983B30099DE51 /* PBXContainerItemProxy */;
		};
/* End PBXTargetDependency section */

/* Begin PBXVariantGroup section */
		C4383D70258983B20099DE51 /* Main.storyboard */ = {
			isa = PBXVariantGroup;
			children = (
				C4383D71258983B20099DE51 /* Base */,
			);
			name = Main.storyboard;
			sourceTree = "<group>";
		};
		C4383D75258983B30099DE51 /* LaunchScreen.storyboard */ = {
			isa = PBXVariantGroup;
			children = (
				C4383D76258983B30099DE51 /* Base */,
			);
			name = LaunchScreen.storyboard;
			sourceTree = "<group>";
		};
/* End PBXVariantGroup section */

/* Begin XCBuildConfiguration section */
		C4383D8F258983B30099DE51 /* Debug */ = {
			isa = XCBuildConfiguration;
			buildSettings = {
				ALWAYS_SEARCH_USER_PATHS = NO;
				CLANG_ANALYZER_NONNULL = YES;
				CLANG_ANALYZER_NUMBER_OBJECT_CONVERSION = YES_AGGRESSIVE;
				CLANG_CXX_LANGUAGE_STANDARD = "gnu++14";
				CLANG_CXX_LIBRARY = "libc++";
				CLANG_ENABLE_MODULES = YES;
				CLANG_ENABLE_OBJC_ARC = YES;
				CLANG_ENABLE_OBJC_WEAK = YES;
				CLANG_WARN_BLOCK_CAPTURE_AUTORELEASING = YES;
				CLANG_WARN_BOOL_CONVERSION = YES;
				CLANG_WARN_COMMA = YES;
				CLANG_WARN_CONSTANT_CONVERSION = YES;
				CLANG_WARN_DEPRECATED_OBJC_IMPLEMENTATIONS = YES;
				CLANG_WARN_DIRECT_OBJC_ISA_USAGE = YES_ERROR;
				CLANG_WARN_DOCUMENTATION_COMMENTS = YES;
				CLANG_WARN_EMPTY_BODY = YES;
				CLANG_WARN_ENUM_CONVERSION = YES;
				CLANG_WARN_INFINITE_RECURSION = YES;
				CLANG_WARN_INT_CONVERSION = YES;
				CLANG_WARN_NON_LITERAL_NULL_CONVERSION = YES;
				CLANG_WARN_OBJC_IMPLICIT_RETAIN_SELF = YES;
				CLANG_WARN_OBJC_LITERAL_CONVERSION = YES;
				CLANG_WARN_OBJC_ROOT_CLASS = YES_ERROR;
				CLANG_WARN_QUOTED_INCLUDE_IN_FRAMEWORK_HEADER = YES;
				CLANG_WARN_RANGE_LOOP_ANALYSIS = YES;
				CLANG_WARN_STRICT_PROTOTYPES = YES;
				CLANG_WARN_SUSPICIOUS_MOVE = YES;
				CLANG_WARN_UNGUARDED_AVAILABILITY = YES_AGGRESSIVE;
				CLANG_WARN_UNREACHABLE_CODE = YES;
				CLANG_WARN__DUPLICATE_METHOD_MATCH = YES;
				COPY_PHASE_STRIP = NO;
				DEBUG_INFORMATION_FORMAT = dwarf;
				ENABLE_STRICT_OBJC_MSGSEND = YES;
				ENABLE_TESTABILITY = YES;
				GCC_C_LANGUAGE_STANDARD = gnu11;
				GCC_DYNAMIC_NO_PIC = NO;
				GCC_NO_COMMON_BLOCKS = YES;
				GCC_OPTIMIZATION_LEVEL = 0;
				GCC_PREPROCESSOR_DEFINITIONS = (
					"DEBUG=1",
					"$(inherited)",
				);
				GCC_WARN_64_TO_32_BIT_CONVERSION = YES;
				GCC_WARN_ABOUT_RETURN_TYPE = YES_ERROR;
				GCC_WARN_UNDECLARED_SELECTOR = YES;
				GCC_WARN_UNINITIALIZED_AUTOS = YES_AGGRESSIVE;
				GCC_WARN_UNUSED_FUNCTION = YES;
				GCC_WARN_UNUSED_VARIABLE = YES;
				IPHONEOS_DEPLOYMENT_TARGET = 14.2;
				MTL_ENABLE_DEBUG_INFO = INCLUDE_SOURCE;
				MTL_FAST_MATH = YES;
				ONLY_ACTIVE_ARCH = YES;
				SDKROOT = iphoneos;
				SWIFT_ACTIVE_COMPILATION_CONDITIONS = DEBUG;
				SWIFT_OPTIMIZATION_LEVEL = "-Onone";
			};
			name = Debug;
		};
		C4383D90258983B30099DE51 /* Release */ = {
			isa = XCBuildConfiguration;
			buildSettings = {
				ALWAYS_SEARCH_USER_PATHS = NO;
				CLANG_ANALYZER_NONNULL = YES;
				CLANG_ANALYZER_NUMBER_OBJECT_CONVERSION = YES_AGGRESSIVE;
				CLANG_CXX_LANGUAGE_STANDARD = "gnu++14";
				CLANG_CXX_LIBRARY = "libc++";
				CLANG_ENABLE_MODULES = YES;
				CLANG_ENABLE_OBJC_ARC = YES;
				CLANG_ENABLE_OBJC_WEAK = YES;
				CLANG_WARN_BLOCK_CAPTURE_AUTORELEASING = YES;
				CLANG_WARN_BOOL_CONVERSION = YES;
				CLANG_WARN_COMMA = YES;
				CLANG_WARN_CONSTANT_CONVERSION = YES;
				CLANG_WARN_DEPRECATED_OBJC_IMPLEMENTATIONS = YES;
				CLANG_WARN_DIRECT_OBJC_ISA_USAGE = YES_ERROR;
				CLANG_WARN_DOCUMENTATION_COMMENTS = YES;
				CLANG_WARN_EMPTY_BODY = YES;
				CLANG_WARN_ENUM_CONVERSION = YES;
				CLANG_WARN_INFINITE_RECURSION = YES;
				CLANG_WARN_INT_CONVERSION = YES;
				CLANG_WARN_NON_LITERAL_NULL_CONVERSION = YES;
				CLANG_WARN_OBJC_IMPLICIT_RETAIN_SELF = YES;
				CLANG_WARN_OBJC_LITERAL_CONVERSION = YES;
				CLANG_WARN_OBJC_ROOT_CLASS = YES_ERROR;
				CLANG_WARN_QUOTED_INCLUDE_IN_FRAMEWORK_HEADER = YES;
				CLANG_WARN_RANGE_LOOP_ANALYSIS = YES;
				CLANG_WARN_STRICT_PROTOTYPES = YES;
				CLANG_WARN_SUSPICIOUS_MOVE = YES;
				CLANG_WARN_UNGUARDED_AVAILABILITY = YES_AGGRESSIVE;
				CLANG_WARN_UNREACHABLE_CODE = YES;
				CLANG_WARN__DUPLICATE_METHOD_MATCH = YES;
				COPY_PHASE_STRIP = NO;
				DEBUG_INFORMATION_FORMAT = "dwarf-with-dsym";
				ENABLE_NS_ASSERTIONS = NO;
				ENABLE_STRICT_OBJC_MSGSEND = YES;
				GCC_C_LANGUAGE_STANDARD = gnu11;
				GCC_NO_COMMON_BLOCKS = YES;
				GCC_WARN_64_TO_32_BIT_CONVERSION = YES;
				GCC_WARN_ABOUT_RETURN_TYPE = YES_ERROR;
				GCC_WARN_UNDECLARED_SELECTOR = YES;
				GCC_WARN_UNINITIALIZED_AUTOS = YES_AGGRESSIVE;
				GCC_WARN_UNUSED_FUNCTION = YES;
				GCC_WARN_UNUSED_VARIABLE = YES;
				IPHONEOS_DEPLOYMENT_TARGET = 14.2;
				MTL_ENABLE_DEBUG_INFO = NO;
				MTL_FAST_MATH = YES;
				SDKROOT = iphoneos;
				SWIFT_COMPILATION_MODE = wholemodule;
				SWIFT_OPTIMIZATION_LEVEL = "-O";
				VALIDATE_PRODUCT = YES;
			};
			name = Release;
		};
		C4383D92258983B30099DE51 /* Debug */ = {
			isa = XCBuildConfiguration;
			baseConfigurationReference = 0A440F84908E057F0224C5FA /* Pods-ChallengeMeli.debug.xcconfig */;
			buildSettings = {
				ASSETCATALOG_COMPILER_APPICON_NAME = AppIcon;
				ASSETCATALOG_COMPILER_GLOBAL_ACCENT_COLOR_NAME = AccentColor;
				CODE_SIGN_STYLE = Automatic;
				DEVELOPMENT_TEAM = 9BCAHYLYN4;
				INFOPLIST_FILE = ChallengeMeli/Info.plist;
				LD_RUNPATH_SEARCH_PATHS = (
					"$(inherited)",
					"@executable_path/Frameworks",
				);
				PRODUCT_BUNDLE_IDENTIFIER = com.gabriela.ChallengeMeli;
				PRODUCT_NAME = "$(TARGET_NAME)";
				SWIFT_VERSION = 5.0;
				TARGETED_DEVICE_FAMILY = "1,2";
			};
			name = Debug;
		};
		C4383D93258983B30099DE51 /* Release */ = {
			isa = XCBuildConfiguration;
			baseConfigurationReference = DD2407FC944C27CE2706C3DC /* Pods-ChallengeMeli.release.xcconfig */;
			buildSettings = {
				ASSETCATALOG_COMPILER_APPICON_NAME = AppIcon;
				ASSETCATALOG_COMPILER_GLOBAL_ACCENT_COLOR_NAME = AccentColor;
				CODE_SIGN_STYLE = Automatic;
				DEVELOPMENT_TEAM = 9BCAHYLYN4;
				INFOPLIST_FILE = ChallengeMeli/Info.plist;
				LD_RUNPATH_SEARCH_PATHS = (
					"$(inherited)",
					"@executable_path/Frameworks",
				);
				PRODUCT_BUNDLE_IDENTIFIER = com.gabriela.ChallengeMeli;
				PRODUCT_NAME = "$(TARGET_NAME)";
				SWIFT_VERSION = 5.0;
				TARGETED_DEVICE_FAMILY = "1,2";
			};
			name = Release;
		};
		C4383D95258983B30099DE51 /* Debug */ = {
			isa = XCBuildConfiguration;
			baseConfigurationReference = B1FA85ADE54A5C09482A59ED /* Pods-ChallengeMeliTests.debug.xcconfig */;
			buildSettings = {
				ALWAYS_EMBED_SWIFT_STANDARD_LIBRARIES = YES;
				BUNDLE_LOADER = "$(TEST_HOST)";
				CODE_SIGN_STYLE = Automatic;
				DEVELOPMENT_TEAM = 9BCAHYLYN4;
				INFOPLIST_FILE = ChallengeMeliTests/Info.plist;
				IPHONEOS_DEPLOYMENT_TARGET = 14.2;
				LD_RUNPATH_SEARCH_PATHS = (
					"$(inherited)",
					"@executable_path/Frameworks",
					"@loader_path/Frameworks",
				);
				PRODUCT_BUNDLE_IDENTIFIER = com.gabriela.ChallengeMeliTests;
				PRODUCT_NAME = "$(TARGET_NAME)";
				SWIFT_VERSION = 5.0;
				TARGETED_DEVICE_FAMILY = "1,2";
				TEST_HOST = "$(BUILT_PRODUCTS_DIR)/ChallengeMeli.app/ChallengeMeli";
			};
			name = Debug;
		};
		C4383D96258983B30099DE51 /* Release */ = {
			isa = XCBuildConfiguration;
			baseConfigurationReference = EFCC1F6324C8EE24AA77E212 /* Pods-ChallengeMeliTests.release.xcconfig */;
			buildSettings = {
				ALWAYS_EMBED_SWIFT_STANDARD_LIBRARIES = YES;
				BUNDLE_LOADER = "$(TEST_HOST)";
				CODE_SIGN_STYLE = Automatic;
				DEVELOPMENT_TEAM = 9BCAHYLYN4;
				INFOPLIST_FILE = ChallengeMeliTests/Info.plist;
				IPHONEOS_DEPLOYMENT_TARGET = 14.2;
				LD_RUNPATH_SEARCH_PATHS = (
					"$(inherited)",
					"@executable_path/Frameworks",
					"@loader_path/Frameworks",
				);
				PRODUCT_BUNDLE_IDENTIFIER = com.gabriela.ChallengeMeliTests;
				PRODUCT_NAME = "$(TARGET_NAME)";
				SWIFT_VERSION = 5.0;
				TARGETED_DEVICE_FAMILY = "1,2";
				TEST_HOST = "$(BUILT_PRODUCTS_DIR)/ChallengeMeli.app/ChallengeMeli";
			};
			name = Release;
		};
		C4383D98258983B30099DE51 /* Debug */ = {
			isa = XCBuildConfiguration;
			baseConfigurationReference = 31F77F40809244F8F0C00556 /* Pods-ChallengeMeli-ChallengeMeliUITests.debug.xcconfig */;
			buildSettings = {
				ALWAYS_EMBED_SWIFT_STANDARD_LIBRARIES = YES;
				CODE_SIGN_STYLE = Automatic;
				DEVELOPMENT_TEAM = 9BCAHYLYN4;
				INFOPLIST_FILE = ChallengeMeliUITests/Info.plist;
				LD_RUNPATH_SEARCH_PATHS = (
					"$(inherited)",
					"@executable_path/Frameworks",
					"@loader_path/Frameworks",
				);
				PRODUCT_BUNDLE_IDENTIFIER = com.gabriela.ChallengeMeliUITests;
				PRODUCT_NAME = "$(TARGET_NAME)";
				SWIFT_VERSION = 5.0;
				TARGETED_DEVICE_FAMILY = "1,2";
				TEST_TARGET_NAME = ChallengeMeli;
			};
			name = Debug;
		};
		C4383D99258983B30099DE51 /* Release */ = {
			isa = XCBuildConfiguration;
			baseConfigurationReference = 94DC9ADB996C8B29A6C21148 /* Pods-ChallengeMeli-ChallengeMeliUITests.release.xcconfig */;
			buildSettings = {
				ALWAYS_EMBED_SWIFT_STANDARD_LIBRARIES = YES;
				CODE_SIGN_STYLE = Automatic;
				DEVELOPMENT_TEAM = 9BCAHYLYN4;
				INFOPLIST_FILE = ChallengeMeliUITests/Info.plist;
				LD_RUNPATH_SEARCH_PATHS = (
					"$(inherited)",
					"@executable_path/Frameworks",
					"@loader_path/Frameworks",
				);
				PRODUCT_BUNDLE_IDENTIFIER = com.gabriela.ChallengeMeliUITests;
				PRODUCT_NAME = "$(TARGET_NAME)";
				SWIFT_VERSION = 5.0;
				TARGETED_DEVICE_FAMILY = "1,2";
				TEST_TARGET_NAME = ChallengeMeli;
			};
			name = Release;
		};
/* End XCBuildConfiguration section */

/* Begin XCConfigurationList section */
		C4383D62258983B20099DE51 /* Build configuration list for PBXProject "ChallengeMeli" */ = {
			isa = XCConfigurationList;
			buildConfigurations = (
				C4383D8F258983B30099DE51 /* Debug */,
				C4383D90258983B30099DE51 /* Release */,
			);
			defaultConfigurationIsVisible = 0;
			defaultConfigurationName = Release;
		};
		C4383D91258983B30099DE51 /* Build configuration list for PBXNativeTarget "ChallengeMeli" */ = {
			isa = XCConfigurationList;
			buildConfigurations = (
				C4383D92258983B30099DE51 /* Debug */,
				C4383D93258983B30099DE51 /* Release */,
			);
			defaultConfigurationIsVisible = 0;
			defaultConfigurationName = Release;
		};
		C4383D94258983B30099DE51 /* Build configuration list for PBXNativeTarget "ChallengeMeliTests" */ = {
			isa = XCConfigurationList;
			buildConfigurations = (
				C4383D95258983B30099DE51 /* Debug */,
				C4383D96258983B30099DE51 /* Release */,
			);
			defaultConfigurationIsVisible = 0;
			defaultConfigurationName = Release;
		};
		C4383D97258983B30099DE51 /* Build configuration list for PBXNativeTarget "ChallengeMeliUITests" */ = {
			isa = XCConfigurationList;
			buildConfigurations = (
				C4383D98258983B30099DE51 /* Debug */,
				C4383D99258983B30099DE51 /* Release */,
			);
			defaultConfigurationIsVisible = 0;
			defaultConfigurationName = Release;
		};
/* End XCConfigurationList section */
	};
	rootObject = C4383D5F258983B20099DE51 /* Project object */;
}
